
Microsoft Visual Studio Solution File, Format Version 12.00
# Visual Studio Version 17
VisualStudioVersion = 17.0.31903.59
MinimumVisualStudioVersion = 10.0.40219.1
Project("{FAE04EC0-301F-11D3-BF4B-00C04F79EFBC}") = "TollFeeCalculator", "TollFeeCalculator\TollFeeCalculator.csproj", "{1EE43DA8-4A35-41DF-8A8F-687079C1EF71}"
EndProject
Project("{FAE04EC0-301F-11D3-BF4B-00C04F79EFBC}") = "TollFeeCalculator.Tests", "TollFeeCalculator.Tests\TollFeeCalculator.Tests.csproj", "{C48531AD-AA1E-45BA-BAB1-45CA16502637}"
EndProject
Project("{FAE04EC0-301F-11D3-BF4B-00C04F79EFBC}") = "TollCalculatorBackend", "TollCalculatorBackend\TollCalculatorBackend.csproj", "{7AFA87EB-2A91-441C-9BC2-CB0FD5E1048A}"
EndProject
Global
	GlobalSection(SolutionConfigurationPlatforms) = preSolution
		Debug|Any CPU = Debug|Any CPU
		Release|Any CPU = Release|Any CPU
	EndGlobalSection
	GlobalSection(SolutionProperties) = preSolution
		HideSolutionNode = FALSE
	EndGlobalSection
	GlobalSection(ProjectConfigurationPlatforms) = postSolution
		{1EE43DA8-4A35-41DF-8A8F-687079C1EF71}.Debug|Any CPU.ActiveCfg = Debug|Any CPU
		{1EE43DA8-4A35-41DF-8A8F-687079C1EF71}.Debug|Any CPU.Build.0 = Debug|Any CPU
		{1EE43DA8-4A35-41DF-8A8F-687079C1EF71}.Release|Any CPU.ActiveCfg = Release|Any CPU
		{1EE43DA8-4A35-41DF-8A8F-687079C1EF71}.Release|Any CPU.Build.0 = Release|Any CPU
		{C48531AD-AA1E-45BA-BAB1-45CA16502637}.Debug|Any CPU.ActiveCfg = Debug|Any CPU
		{C48531AD-AA1E-45BA-BAB1-45CA16502637}.Debug|Any CPU.Build.0 = Debug|Any CPU
		{C48531AD-AA1E-45BA-BAB1-45CA16502637}.Release|Any CPU.ActiveCfg = Release|Any CPU
		{C48531AD-AA1E-45BA-BAB1-45CA16502637}.Release|Any CPU.Build.0 = Release|Any CPU
		{7AFA87EB-2A91-441C-9BC2-CB0FD5E1048A}.Debug|Any CPU.ActiveCfg = Debug|Any CPU
		{7AFA87EB-2A91-441C-9BC2-CB0FD5E1048A}.Debug|Any CPU.Build.0 = Debug|Any CPU
		{7AFA87EB-2A91-441C-9BC2-CB0FD5E1048A}.Release|Any CPU.ActiveCfg = Release|Any CPU
		{7AFA87EB-2A91-441C-9BC2-CB0FD5E1048A}.Release|Any CPU.Build.0 = Release|Any CPU
	EndGlobalSection
EndGlobal
